
Microsoft Visual Studio Solution File, Format Version 12.00
# Visual Studio Version 17
VisualStudioVersion = 17.7.34221.43
MinimumVisualStudioVersion = 10.0.40219.1
Project("{9A19103F-16F7-4668-BE54-9A1E7A4F7556}") = "API", "API\API.csproj", "{256F2AE3-52E8-4BAC-A820-AE758697F1FB}"
EndProject
Project("{9A19103F-16F7-4668-BE54-9A1E7A4F7556}") = "Domain", "Domain\Domain.csproj", "{9174CA2B-44AE-4E36-8D4C-EBC7CB5A9B3C}"
EndProject
Project("{9A19103F-16F7-4668-BE54-9A1E7A4F7556}") = "Application", "Application\Application.csproj", "{E7B6C337-9B92-4620-9E30-30E768D2D730}"
EndProject
Project("{9A19103F-16F7-4668-BE54-9A1E7A4F7556}") = "Persistence", "Persistence\Persistence.csproj", "{2470A299-4C46-4956-82F4-3639E70DC4E2}"
EndProject
Project("{2150E333-8FDC-42A3-9474-1A3956D46DE8}") = "Solution Items", "Solution Items", "{6106770F-641C-45FB-97F9-C1C41BB0D942}"
	ProjectSection(SolutionItems) = preProject
		.editorconfig = .editorconfig
	EndProjectSection
EndProject
Project("{9A19103F-16F7-4668-BE54-9A1E7A4F7556}") = "DeepServices", "DeepServices\DeepServices.csproj", "{F753EA54-E963-4161-9D65-22CD78B06255}"
EndProject
Project("{9A19103F-16F7-4668-BE54-9A1E7A4F7556}") = "ShallowServices", "ShallowServices\ShallowServices.csproj", "{FA3F81B3-A9FF-4BAB-9E59-ED06EAF13690}"
EndProject
Project("{FAE04EC0-301F-11D3-BF4B-00C04F79EFBC}") = "DataTrainer", "DataTrainer\DataTrainer.csproj", "{9373F778-70B8-41A8-93B2-D6566D53DAF2}"
EndProject
Global
	GlobalSection(SolutionConfigurationPlatforms) = preSolution
		Debug|Any CPU = Debug|Any CPU
		Release|Any CPU = Release|Any CPU
	EndGlobalSection
	GlobalSection(ProjectConfigurationPlatforms) = postSolution
		{256F2AE3-52E8-4BAC-A820-AE758697F1FB}.Debug|Any CPU.ActiveCfg = Debug|Any CPU
		{256F2AE3-52E8-4BAC-A820-AE758697F1FB}.Debug|Any CPU.Build.0 = Debug|Any CPU
		{256F2AE3-52E8-4BAC-A820-AE758697F1FB}.Release|Any CPU.ActiveCfg = Release|Any CPU
		{256F2AE3-52E8-4BAC-A820-AE758697F1FB}.Release|Any CPU.Build.0 = Release|Any CPU
		{9174CA2B-44AE-4E36-8D4C-EBC7CB5A9B3C}.Debug|Any CPU.ActiveCfg = Debug|Any CPU
		{9174CA2B-44AE-4E36-8D4C-EBC7CB5A9B3C}.Debug|Any CPU.Build.0 = Debug|Any CPU
		{9174CA2B-44AE-4E36-8D4C-EBC7CB5A9B3C}.Release|Any CPU.ActiveCfg = Release|Any CPU
		{9174CA2B-44AE-4E36-8D4C-EBC7CB5A9B3C}.Release|Any CPU.Build.0 = Release|Any CPU
		{E7B6C337-9B92-4620-9E30-30E768D2D730}.Debug|Any CPU.ActiveCfg = Debug|Any CPU
		{E7B6C337-9B92-4620-9E30-30E768D2D730}.Debug|Any CPU.Build.0 = Debug|Any CPU
		{E7B6C337-9B92-4620-9E30-30E768D2D730}.Release|Any CPU.ActiveCfg = Release|Any CPU
		{E7B6C337-9B92-4620-9E30-30E768D2D730}.Release|Any CPU.Build.0 = Release|Any CPU
		{2470A299-4C46-4956-82F4-3639E70DC4E2}.Debug|Any CPU.ActiveCfg = Debug|Any CPU
		{2470A299-4C46-4956-82F4-3639E70DC4E2}.Debug|Any CPU.Build.0 = Debug|Any CPU
		{2470A299-4C46-4956-82F4-3639E70DC4E2}.Release|Any CPU.ActiveCfg = Release|Any CPU
		{2470A299-4C46-4956-82F4-3639E70DC4E2}.Release|Any CPU.Build.0 = Release|Any CPU
		{F753EA54-E963-4161-9D65-22CD78B06255}.Debug|Any CPU.ActiveCfg = Debug|Any CPU
		{F753EA54-E963-4161-9D65-22CD78B06255}.Debug|Any CPU.Build.0 = Debug|Any CPU
		{F753EA54-E963-4161-9D65-22CD78B06255}.Release|Any CPU.ActiveCfg = Release|Any CPU
		{F753EA54-E963-4161-9D65-22CD78B06255}.Release|Any CPU.Build.0 = Release|Any CPU
		{FA3F81B3-A9FF-4BAB-9E59-ED06EAF13690}.Debug|Any CPU.ActiveCfg = Debug|Any CPU
		{FA3F81B3-A9FF-4BAB-9E59-ED06EAF13690}.Debug|Any CPU.Build.0 = Debug|Any CPU
		{FA3F81B3-A9FF-4BAB-9E59-ED06EAF13690}.Release|Any CPU.ActiveCfg = Release|Any CPU
		{FA3F81B3-A9FF-4BAB-9E59-ED06EAF13690}.Release|Any CPU.Build.0 = Release|Any CPU
		{9373F778-70B8-41A8-93B2-D6566D53DAF2}.Debug|Any CPU.ActiveCfg = Debug|Any CPU
		{9373F778-70B8-41A8-93B2-D6566D53DAF2}.Debug|Any CPU.Build.0 = Debug|Any CPU
		{9373F778-70B8-41A8-93B2-D6566D53DAF2}.Release|Any CPU.ActiveCfg = Release|Any CPU
		{9373F778-70B8-41A8-93B2-D6566D53DAF2}.Release|Any CPU.Build.0 = Release|Any CPU
	EndGlobalSection
	GlobalSection(SolutionProperties) = preSolution
		HideSolutionNode = FALSE
	EndGlobalSection
	GlobalSection(ExtensibilityGlobals) = postSolution
		SolutionGuid = {AB9B3BDD-B7E3-4C67-95B1-2EA54D4B2EB9}
	EndGlobalSection
EndGlobal
